// !$*UTF8*$!
{
	archiveVersion = 1;
	classes = {
	};
	objectVersion = 55;
	objects = {

/* Begin PBXBuildFile section */
		0B22D727289A478800FA9BFD /* AppDelegate.swift in Sources */ = {isa = PBXBuildFile; fileRef = 0B22D726289A478800FA9BFD /* AppDelegate.swift */; };
		0B22D729289A478800FA9BFD /* SceneDelegate.swift in Sources */ = {isa = PBXBuildFile; fileRef = 0B22D728289A478800FA9BFD /* SceneDelegate.swift */; };
		0B22D72B289A478800FA9BFD /* ViewController.swift in Sources */ = {isa = PBXBuildFile; fileRef = 0B22D72A289A478800FA9BFD /* ViewController.swift */; };
		0B22D72E289A478800FA9BFD /* Main.storyboard in Resources */ = {isa = PBXBuildFile; fileRef = 0B22D72C289A478800FA9BFD /* Main.storyboard */; };
		0B22D730289A478A00FA9BFD /* Assets.xcassets in Resources */ = {isa = PBXBuildFile; fileRef = 0B22D72F289A478A00FA9BFD /* Assets.xcassets */; };
		0B22D733289A478A00FA9BFD /* LaunchScreen.storyboard in Resources */ = {isa = PBXBuildFile; fileRef = 0B22D731289A478A00FA9BFD /* LaunchScreen.storyboard */; };
		0B22D73E289A478A00FA9BFD /* A_51Tests.swift in Sources */ = {isa = PBXBuildFile; fileRef = 0B22D73D289A478A00FA9BFD /* A_51Tests.swift */; };
		0B22D748289A478A00FA9BFD /* A_51UITests.swift in Sources */ = {isa = PBXBuildFile; fileRef = 0B22D747289A478A00FA9BFD /* A_51UITests.swift */; };
		0B22D74A289A478A00FA9BFD /* A_51UITestsLaunchTests.swift in Sources */ = {isa = PBXBuildFile; fileRef = 0B22D749289A478A00FA9BFD /* A_51UITestsLaunchTests.swift */; };
		0B22D757289A47B100FA9BFD /* BasicCalculator.swift in Sources */ = {isa = PBXBuildFile; fileRef = 0B22D756289A47B100FA9BFD /* BasicCalculator.swift */; };
		0BA3F4A428A4EDE600A2E016 /* Kingfisher in Frameworks */ = {isa = PBXBuildFile; productRef = 0BA3F4A328A4EDE600A2E016 /* Kingfisher */; };
/* End PBXBuildFile section */

/* Begin PBXContainerItemProxy section */
		0B22D73A289A478A00FA9BFD /* PBXContainerItemProxy */ = {
			isa = PBXContainerItemProxy;
			containerPortal = 0B22D71B289A478800FA9BFD /* Project object */;
			proxyType = 1;
			remoteGlobalIDString = 0B22D722289A478800FA9BFD;
			remoteInfo = A_51;
		};
		0B22D744289A478A00FA9BFD /* PBXContainerItemProxy */ = {
			isa = PBXContainerItemProxy;
			containerPortal = 0B22D71B289A478800FA9BFD /* Project object */;
			proxyType = 1;
			remoteGlobalIDString = 0B22D722289A478800FA9BFD;
			remoteInfo = A_51;
		};
/* End PBXContainerItemProxy section */

/* Begin PBXFileReference section */
		0B22D723289A478800FA9BFD /* A_51.app */ = {isa = PBXFileReference; explicitFileType = wrapper.application; includeInIndex = 0; path = A_51.app; sourceTree = BUILT_PRODUCTS_DIR; };
		0B22D726289A478800FA9BFD /* AppDelegate.swift */ = {isa = PBXFileReference; lastKnownFileType = sourcecode.swift; path = AppDelegate.swift; sourceTree = "<group>"; };
		0B22D728289A478800FA9BFD /* SceneDelegate.swift */ = {isa = PBXFileReference; lastKnownFileType = sourcecode.swift; path = SceneDelegate.swift; sourceTree = "<group>"; };
		0B22D72A289A478800FA9BFD /* ViewController.swift */ = {isa = PBXFileReference; lastKnownFileType = sourcecode.swift; path = ViewController.swift; sourceTree = "<group>"; };
		0B22D72D289A478800FA9BFD /* Base */ = {isa = PBXFileReference; lastKnownFileType = file.storyboard; name = Base; path = Base.lproj/Main.storyboard; sourceTree = "<group>"; };
		0B22D72F289A478A00FA9BFD /* Assets.xcassets */ = {isa = PBXFileReference; lastKnownFileType = folder.assetcatalog; path = Assets.xcassets; sourceTree = "<group>"; };
		0B22D732289A478A00FA9BFD /* Base */ = {isa = PBXFileReference; lastKnownFileType = file.storyboard; name = Base; path = Base.lproj/LaunchScreen.storyboard; sourceTree = "<group>"; };
		0B22D734289A478A00FA9BFD /* Info.plist */ = {isa = PBXFileReference; lastKnownFileType = text.plist.xml; path = Info.plist; sourceTree = "<group>"; };
		0B22D739289A478A00FA9BFD /* A_51Tests.xctest */ = {isa = PBXFileReference; explicitFileType = wrapper.cfbundle; includeInIndex = 0; path = A_51Tests.xctest; sourceTree = BUILT_PRODUCTS_DIR; };
		0B22D73D289A478A00FA9BFD /* A_51Tests.swift */ = {isa = PBXFileReference; lastKnownFileType = sourcecode.swift; path = A_51Tests.swift; sourceTree = "<group>"; };
		0B22D743289A478A00FA9BFD /* A_51UITests.xctest */ = {isa = PBXFileReference; explicitFileType = wrapper.cfbundle; includeInIndex = 0; path = A_51UITests.xctest; sourceTree = BUILT_PRODUCTS_DIR; };
		0B22D747289A478A00FA9BFD /* A_51UITests.swift */ = {isa = PBXFileReference; lastKnownFileType = sourcecode.swift; path = A_51UITests.swift; sourceTree = "<group>"; };
		0B22D749289A478A00FA9BFD /* A_51UITestsLaunchTests.swift */ = {isa = PBXFileReference; lastKnownFileType = sourcecode.swift; path = A_51UITestsLaunchTests.swift; sourceTree = "<group>"; };
		0B22D756289A47B100FA9BFD /* BasicCalculator.swift */ = {isa = PBXFileReference; lastKnownFileType = sourcecode.swift; path = BasicCalculator.swift; sourceTree = "<group>"; };
/* End PBXFileReference section */

/* Begin PBXFrameworksBuildPhase section */
		0B22D720289A478800FA9BFD /* Frameworks */ = {
			isa = PBXFrameworksBuildPhase;
			buildActionMask = 2147483647;
			files = (
				0BA3F4A428A4EDE600A2E016 /* Kingfisher in Frameworks */,
			);
			runOnlyForDeploymentPostprocessing = 0;
		};
		0B22D736289A478A00FA9BFD /* Frameworks */ = {
			isa = PBXFrameworksBuildPhase;
			buildActionMask = 2147483647;
			files = (
			);
			runOnlyForDeploymentPostprocessing = 0;
		};
		0B22D740289A478A00FA9BFD /* Frameworks */ = {
			isa = PBXFrameworksBuildPhase;
			buildActionMask = 2147483647;
			files = (
			);
			runOnlyForDeploymentPostprocessing = 0;
		};
/* End PBXFrameworksBuildPhase section */

/* Begin PBXGroup section */
		0B22D71A289A478800FA9BFD = {
			isa = PBXGroup;
			children = (
				0B22D725289A478800FA9BFD /* A_51 */,
				0B22D73C289A478A00FA9BFD /* A_51Tests */,
				0B22D746289A478A00FA9BFD /* A_51UITests */,
				0B22D724289A478800FA9BFD /* Products */,
			);
			sourceTree = "<group>";
		};
		0B22D724289A478800FA9BFD /* Products */ = {
			isa = PBXGroup;
			children = (
				0B22D723289A478800FA9BFD /* A_51.app */,
				0B22D739289A478A00FA9BFD /* A_51Tests.xctest */,
				0B22D743289A478A00FA9BFD /* A_51UITests.xctest */,
			);
			name = Products;
			sourceTree = "<group>";
		};
		0B22D725289A478800FA9BFD /* A_51 */ = {
			isa = PBXGroup;
			children = (
				0B22D726289A478800FA9BFD /* AppDelegate.swift */,
				0B22D728289A478800FA9BFD /* SceneDelegate.swift */,
				0B22D72A289A478800FA9BFD /* ViewController.swift */,
				0B22D72C289A478800FA9BFD /* Main.storyboard */,
				0B22D72F289A478A00FA9BFD /* Assets.xcassets */,
				0B22D731289A478A00FA9BFD /* LaunchScreen.storyboard */,
				0B22D734289A478A00FA9BFD /* Info.plist */,
				0B22D756289A47B100FA9BFD /* BasicCalculator.swift */,
			);
			path = A_51;
			sourceTree = "<group>";
		};
		0B22D73C289A478A00FA9BFD /* A_51Tests */ = {
			isa = PBXGroup;
			children = (
				0B22D73D289A478A00FA9BFD /* A_51Tests.swift */,
			);
			path = A_51Tests;
			sourceTree = "<group>";
		};
		0B22D746289A478A00FA9BFD /* A_51UITests */ = {
			isa = PBXGroup;
			children = (
				0B22D747289A478A00FA9BFD /* A_51UITests.swift */,
				0B22D749289A478A00FA9BFD /* A_51UITestsLaunchTests.swift */,
			);
			path = A_51UITests;
			sourceTree = "<group>";
		};
/* End PBXGroup section */

/* Begin PBXNativeTarget section */
		0B22D722289A478800FA9BFD /* A_51 */ = {
			isa = PBXNativeTarget;
			buildConfigurationList = 0B22D74D289A478A00FA9BFD /* Build configuration list for PBXNativeTarget "A_51" */;
			buildPhases = (
				0B22D71F289A478800FA9BFD /* Sources */,
				0B22D720289A478800FA9BFD /* Frameworks */,
				0B22D721289A478800FA9BFD /* Resources */,
			);
			buildRules = (
			);
			dependencies = (
			);
			name = A_51;
			packageProductDependencies = (
				0BA3F4A328A4EDE600A2E016 /* Kingfisher */,
			);
			productName = A_51;
			productReference = 0B22D723289A478800FA9BFD /* A_51.app */;
			productType = "com.apple.product-type.application";
		};
		0B22D738289A478A00FA9BFD /* A_51Tests */ = {
			isa = PBXNativeTarget;
			buildConfigurationList = 0B22D750289A478A00FA9BFD /* Build configuration list for PBXNativeTarget "A_51Tests" */;
			buildPhases = (
				0B22D735289A478A00FA9BFD /* Sources */,
				0B22D736289A478A00FA9BFD /* Frameworks */,
				0B22D737289A478A00FA9BFD /* Resources */,
			);
			buildRules = (
			);
			dependencies = (
				0B22D73B289A478A00FA9BFD /* PBXTargetDependency */,
			);
			name = A_51Tests;
			productName = A_51Tests;
			productReference = 0B22D739289A478A00FA9BFD /* A_51Tests.xctest */;
			productType = "com.apple.product-type.bundle.unit-test";
		};
		0B22D742289A478A00FA9BFD /* A_51UITests */ = {
			isa = PBXNativeTarget;
			buildConfigurationList = 0B22D753289A478A00FA9BFD /* Build configuration list for PBXNativeTarget "A_51UITests" */;
			buildPhases = (
				0B22D73F289A478A00FA9BFD /* Sources */,
				0B22D740289A478A00FA9BFD /* Frameworks */,
				0B22D741289A478A00FA9BFD /* Resources */,
			);
			buildRules = (
			);
			dependencies = (
				0B22D745289A478A00FA9BFD /* PBXTargetDependency */,
			);
			name = A_51UITests;
			productName = A_51UITests;
			productReference = 0B22D743289A478A00FA9BFD /* A_51UITests.xctest */;
			productType = "com.apple.product-type.bundle.ui-testing";
		};
/* End PBXNativeTarget section */

/* Begin PBXProject section */
		0B22D71B289A478800FA9BFD /* Project object */ = {
			isa = PBXProject;
			attributes = {
				BuildIndependentTargetsInParallel = 1;
				LastSwiftUpdateCheck = 1340;
				LastUpgradeCheck = 1340;
				TargetAttributes = {
					0B22D722289A478800FA9BFD = {
						CreatedOnToolsVersion = 13.4;
					};
					0B22D738289A478A00FA9BFD = {
						CreatedOnToolsVersion = 13.4;
						TestTargetID = 0B22D722289A478800FA9BFD;
					};
					0B22D742289A478A00FA9BFD = {
						CreatedOnToolsVersion = 13.4;
						TestTargetID = 0B22D722289A478800FA9BFD;
					};
				};
			};
			buildConfigurationList = 0B22D71E289A478800FA9BFD /* Build configuration list for PBXProject "A_51" */;
			compatibilityVersion = "Xcode 13.0";
			developmentRegion = en;
			hasScannedForEncodings = 0;
			knownRegions = (
				en,
				Base,
			);
			mainGroup = 0B22D71A289A478800FA9BFD;
			packageReferences = (
				0BA3F4A228A4EDE600A2E016 /* XCRemoteSwiftPackageReference "Kingfisher" */,
			);
			productRefGroup = 0B22D724289A478800FA9BFD /* Products */;
			projectDirPath = "";
			projectRoot = "";
			targets = (
				0B22D722289A478800FA9BFD /* A_51 */,
				0B22D738289A478A00FA9BFD /* A_51Tests */,
				0B22D742289A478A00FA9BFD /* A_51UITests */,
			);
		};
/* End PBXProject section */

/* Begin PBXResourcesBuildPhase section */
		0B22D721289A478800FA9BFD /* Resources */ = {
			isa = PBXResourcesBuildPhase;
			buildActionMask = 2147483647;
			files = (
				0B22D733289A478A00FA9BFD /* LaunchScreen.storyboard in Resources */,
				0B22D730289A478A00FA9BFD /* Assets.xcassets in Resources */,
				0B22D72E289A478800FA9BFD /* Main.storyboard in Resources */,
			);
			runOnlyForDeploymentPostprocessing = 0;
		};
		0B22D737289A478A00FA9BFD /* Resources */ = {
			isa = PBXResourcesBuildPhase;
			buildActionMask = 2147483647;
			files = (
			);
			runOnlyForDeploymentPostprocessing = 0;
		};
		0B22D741289A478A00FA9BFD /* Resources */ = {
			isa = PBXResourcesBuildPhase;
			buildActionMask = 2147483647;
			files = (
			);
			runOnlyForDeploymentPostprocessing = 0;
		};
/* End PBXResourcesBuildPhase section */

/* Begin PBXSourcesBuildPhase section */
		0B22D71F289A478800FA9BFD /* Sources */ = {
			isa = PBXSourcesBuildPhase;
			buildActionMask = 2147483647;
			files = (
				0B22D757289A47B100FA9BFD /* BasicCalculator.swift in Sources */,
				0B22D72B289A478800FA9BFD /* ViewController.swift in Sources */,
				0B22D727289A478800FA9BFD /* AppDelegate.swift in Sources */,
				0B22D729289A478800FA9BFD /* SceneDelegate.swift in Sources */,
			);
			runOnlyForDeploymentPostprocessing = 0;
		};
		0B22D735289A478A00FA9BFD /* Sources */ = {
			isa = PBXSourcesBuildPhase;
			buildActionMask = 2147483647;
			files = (
				0B22D73E289A478A00FA9BFD /* A_51Tests.swift in Sources */,
			);
			runOnlyForDeploymentPostprocessing = 0;
		};
		0B22D73F289A478A00FA9BFD /* Sources */ = {
			isa = PBXSourcesBuildPhase;
			buildActionMask = 2147483647;
			files = (
				0B22D74A289A478A00FA9BFD /* A_51UITestsLaunchTests.swift in Sources */,
				0B22D748289A478A00FA9BFD /* A_51UITests.swift in Sources */,
			);
			runOnlyForDeploymentPostprocessing = 0;
		};
/* End PBXSourcesBuildPhase section */

/* Begin PBXTargetDependency section */
		0B22D73B289A478A00FA9BFD /* PBXTargetDependency */ = {
			isa = PBXTargetDependency;
			target = 0B22D722289A478800FA9BFD /* A_51 */;
			targetProxy = 0B22D73A289A478A00FA9BFD /* PBXContainerItemProxy */;
		};
		0B22D745289A478A00FA9BFD /* PBXTargetDependency */ = {
			isa = PBXTargetDependency;
			target = 0B22D722289A478800FA9BFD /* A_51 */;
			targetProxy = 0B22D744289A478A00FA9BFD /* PBXContainerItemProxy */;
		};
/* End PBXTargetDependency section */

/* Begin PBXVariantGroup section */
		0B22D72C289A478800FA9BFD /* Main.storyboard */ = {
			isa = PBXVariantGroup;
			children = (
				0B22D72D289A478800FA9BFD /* Base */,
			);
			name = Main.storyboard;
			sourceTree = "<group>";
		};
		0B22D731289A478A00FA9BFD /* LaunchScreen.storyboard */ = {
			isa = PBXVariantGroup;
			children = (
				0B22D732289A478A00FA9BFD /* Base */,
			);
			name = LaunchScreen.storyboard;
			sourceTree = "<group>";
		};
/* End PBXVariantGroup section */

/* Begin XCBuildConfiguration section */
		0B22D74B289A478A00FA9BFD /* Debug */ = {
			isa = XCBuildConfiguration;
			buildSettings = {
				ALWAYS_SEARCH_USER_PATHS = NO;
				CLANG_ANALYZER_NONNULL = YES;
				CLANG_ANALYZER_NUMBER_OBJECT_CONVERSION = YES_AGGRESSIVE;
				CLANG_CXX_LANGUAGE_STANDARD = "gnu++17";
				CLANG_ENABLE_MODULES = YES;
				CLANG_ENABLE_OBJC_ARC = YES;
				CLANG_ENABLE_OBJC_WEAK = YES;
				CLANG_WARN_BLOCK_CAPTURE_AUTORELEASING = YES;
				CLANG_WARN_BOOL_CONVERSION = YES;
				CLANG_WARN_COMMA = YES;
				CLANG_WARN_CONSTANT_CONVERSION = YES;
				CLANG_WARN_DEPRECATED_OBJC_IMPLEMENTATIONS = YES;
				CLANG_WARN_DIRECT_OBJC_ISA_USAGE = YES_ERROR;
				CLANG_WARN_DOCUMENTATION_COMMENTS = YES;
				CLANG_WARN_EMPTY_BODY = YES;
				CLANG_WARN_ENUM_CONVERSION = YES;
				CLANG_WARN_INFINITE_RECURSION = YES;
				CLANG_WARN_INT_CONVERSION = YES;
				CLANG_WARN_NON_LITERAL_NULL_CONVERSION = YES;
				CLANG_WARN_OBJC_IMPLICIT_RETAIN_SELF = YES;
				CLANG_WARN_OBJC_LITERAL_CONVERSION = YES;
				CLANG_WARN_OBJC_ROOT_CLASS = YES_ERROR;
				CLANG_WARN_QUOTED_INCLUDE_IN_FRAMEWORK_HEADER = YES;
				CLANG_WARN_RANGE_LOOP_ANALYSIS = YES;
				CLANG_WARN_STRICT_PROTOTYPES = YES;
				CLANG_WARN_SUSPICIOUS_MOVE = YES;
				CLANG_WARN_UNGUARDED_AVAILABILITY = YES_AGGRESSIVE;
				CLANG_WARN_UNREACHABLE_CODE = YES;
				CLANG_WARN__DUPLICATE_METHOD_MATCH = YES;
				COPY_PHASE_STRIP = NO;
				DEBUG_INFORMATION_FORMAT = dwarf;
				ENABLE_STRICT_OBJC_MSGSEND = YES;
				ENABLE_TESTABILITY = YES;
				GCC_C_LANGUAGE_STANDARD = gnu11;
				GCC_DYNAMIC_NO_PIC = NO;
				GCC_NO_COMMON_BLOCKS = YES;
				GCC_OPTIMIZATION_LEVEL = 0;
				GCC_PREPROCESSOR_DEFINITIONS = (
					"DEBUG=1",
					"$(inherited)",
				);
				GCC_WARN_64_TO_32_BIT_CONVERSION = YES;
				GCC_WARN_ABOUT_RETURN_TYPE = YES_ERROR;
				GCC_WARN_UNDECLARED_SELECTOR = YES;
				GCC_WARN_UNINITIALIZED_AUTOS = YES_AGGRESSIVE;
				GCC_WARN_UNUSED_FUNCTION = YES;
				GCC_WARN_UNUSED_VARIABLE = YES;
				IPHONEOS_DEPLOYMENT_TARGET = 15.5;
				MTL_ENABLE_DEBUG_INFO = INCLUDE_SOURCE;
				MTL_FAST_MATH = YES;
				ONLY_ACTIVE_ARCH = YES;
				SDKROOT = iphoneos;
				SWIFT_ACTIVE_COMPILATION_CONDITIONS = DEBUG;
				SWIFT_OPTIMIZATION_LEVEL = "-Onone";
			};
			name = Debug;
		};
		0B22D74C289A478A00FA9BFD /* Release */ = {
			isa = XCBuildConfiguration;
			buildSettings = {
				ALWAYS_SEARCH_USER_PATHS = NO;
				CLANG_ANALYZER_NONNULL = YES;
				CLANG_ANALYZER_NUMBER_OBJECT_CONVERSION = YES_AGGRESSIVE;
				CLANG_CXX_LANGUAGE_STANDARD = "gnu++17";
				CLANG_ENABLE_MODULES = YES;
				CLANG_ENABLE_OBJC_ARC = YES;
				CLANG_ENABLE_OBJC_WEAK = YES;
				CLANG_WARN_BLOCK_CAPTURE_AUTORELEASING = YES;
				CLANG_WARN_BOOL_CONVERSION = YES;
				CLANG_WARN_COMMA = YES;
				CLANG_WARN_CONSTANT_CONVERSION = YES;
				CLANG_WARN_DEPRECATED_OBJC_IMPLEMENTATIONS = YES;
				CLANG_WARN_DIRECT_OBJC_ISA_USAGE = YES_ERROR;
				CLANG_WARN_DOCUMENTATION_COMMENTS = YES;
				CLANG_WARN_EMPTY_BODY = YES;
				CLANG_WARN_ENUM_CONVERSION = YES;
				CLANG_WARN_INFINITE_RECURSION = YES;
				CLANG_WARN_INT_CONVERSION = YES;
				CLANG_WARN_NON_LITERAL_NULL_CONVERSION = YES;
				CLANG_WARN_OBJC_IMPLICIT_RETAIN_SELF = YES;
				CLANG_WARN_OBJC_LITERAL_CONVERSION = YES;
				CLANG_WARN_OBJC_ROOT_CLASS = YES_ERROR;
				CLANG_WARN_QUOTED_INCLUDE_IN_FRAMEWORK_HEADER = YES;
				CLANG_WARN_RANGE_LOOP_ANALYSIS = YES;
				CLANG_WARN_STRICT_PROTOTYPES = YES;
				CLANG_WARN_SUSPICIOUS_MOVE = YES;
				CLANG_WARN_UNGUARDED_AVAILABILITY = YES_AGGRESSIVE;
				CLANG_WARN_UNREACHABLE_CODE = YES;
				CLANG_WARN__DUPLICATE_METHOD_MATCH = YES;
				COPY_PHASE_STRIP = NO;
				DEBUG_INFORMATION_FORMAT = "dwarf-with-dsym";
				ENABLE_NS_ASSERTIONS = NO;
				ENABLE_STRICT_OBJC_MSGSEND = YES;
				GCC_C_LANGUAGE_STANDARD = gnu11;
				GCC_NO_COMMON_BLOCKS = YES;
				GCC_WARN_64_TO_32_BIT_CONVERSION = YES;
				GCC_WARN_ABOUT_RETURN_TYPE = YES_ERROR;
				GCC_WARN_UNDECLARED_SELECTOR = YES;
				GCC_WARN_UNINITIALIZED_AUTOS = YES_AGGRESSIVE;
				GCC_WARN_UNUSED_FUNCTION = YES;
				GCC_WARN_UNUSED_VARIABLE = YES;
				IPHONEOS_DEPLOYMENT_TARGET = 15.5;
				MTL_ENABLE_DEBUG_INFO = NO;
				MTL_FAST_MATH = YES;
				SDKROOT = iphoneos;
				SWIFT_COMPILATION_MODE = wholemodule;
				SWIFT_OPTIMIZATION_LEVEL = "-O";
				VALIDATE_PRODUCT = YES;
			};
			name = Release;
		};
		0B22D74E289A478A00FA9BFD /* Debug */ = {
			isa = XCBuildConfiguration;
			buildSettings = {
				ASSETCATALOG_COMPILER_APPICON_NAME = AppIcon;
				ASSETCATALOG_COMPILER_GLOBAL_ACCENT_COLOR_NAME = AccentColor;
				CODE_SIGN_IDENTITY = "iPhone Distribution";
				CODE_SIGN_STYLE = Manual;
				CURRENT_PROJECT_VERSION = 2;
				DEVELOPMENT_TEAM = 9434T587C9;
				GENERATE_INFOPLIST_FILE = YES;
				INFOPLIST_FILE = A_51/Info.plist;
				INFOPLIST_KEY_UIApplicationSupportsIndirectInputEvents = YES;
				INFOPLIST_KEY_UILaunchStoryboardName = LaunchScreen;
				INFOPLIST_KEY_UIMainStoryboardFile = Main;
				INFOPLIST_KEY_UISupportedInterfaceOrientations_iPad = "UIInterfaceOrientationPortrait UIInterfaceOrientationPortraitUpsideDown UIInterfaceOrientationLandscapeLeft UIInterfaceOrientationLandscapeRight";
				INFOPLIST_KEY_UISupportedInterfaceOrientations_iPhone = "UIInterfaceOrientationPortrait UIInterfaceOrientationLandscapeLeft UIInterfaceOrientationLandscapeRight";
				IPHONEOS_DEPLOYMENT_TARGET = 14.0;
				LD_RUNPATH_SEARCH_PATHS = (
					"$(inherited)",
					"@executable_path/Frameworks",
				);
				MARKETING_VERSION = 1.0;
				PRODUCT_BUNDLE_IDENTIFIER = "com.limitedbrands.A-51";
				PRODUCT_NAME = "$(TARGET_NAME)";
				PROVISIONING_PROFILE_SPECIFIER = "Limited Brands WildCard";
				SWIFT_EMIT_LOC_STRINGS = YES;
				SWIFT_VERSION = 5.0;
				TARGETED_DEVICE_FAMILY = "1,2";
			};
			name = Debug;
		};
		0B22D74F289A478A00FA9BFD /* Release */ = {
			isa = XCBuildConfiguration;
			buildSettings = {
				ASSETCATALOG_COMPILER_APPICON_NAME = AppIcon;
				ASSETCATALOG_COMPILER_GLOBAL_ACCENT_COLOR_NAME = AccentColor;
				CODE_SIGN_IDENTITY = "iPhone Distribution";
				CODE_SIGN_STYLE = Manual;
				CURRENT_PROJECT_VERSION = 2;
				DEVELOPMENT_TEAM = 9434T587C9;
				GENERATE_INFOPLIST_FILE = YES;
				INFOPLIST_FILE = A_51/Info.plist;
				INFOPLIST_KEY_UIApplicationSupportsIndirectInputEvents = YES;
				INFOPLIST_KEY_UILaunchStoryboardName = LaunchScreen;
				INFOPLIST_KEY_UIMainStoryboardFile = Main;
				INFOPLIST_KEY_UISupportedInterfaceOrientations_iPad = "UIInterfaceOrientationPortrait UIInterfaceOrientationPortraitUpsideDown UIInterfaceOrientationLandscapeLeft UIInterfaceOrientationLandscapeRight";
				INFOPLIST_KEY_UISupportedInterfaceOrientations_iPhone = "UIInterfaceOrientationPortrait UIInterfaceOrientationLandscapeLeft UIInterfaceOrientationLandscapeRight";
				IPHONEOS_DEPLOYMENT_TARGET = 14.0;
				LD_RUNPATH_SEARCH_PATHS = (
					"$(inherited)",
					"@executable_path/Frameworks",
				);
				MARKETING_VERSION = 1.0;
				PRODUCT_BUNDLE_IDENTIFIER = "com.limitedbrands.A-51";
				PRODUCT_NAME = "$(TARGET_NAME)";
				PROVISIONING_PROFILE_SPECIFIER = "Limited Brands WildCard";
				SWIFT_EMIT_LOC_STRINGS = YES;
				SWIFT_VERSION = 5.0;
				TARGETED_DEVICE_FAMILY = "1,2";
			};
			name = Release;
		};
		0B22D751289A478A00FA9BFD /* Debug */ = {
			isa = XCBuildConfiguration;
			buildSettings = {
				ALWAYS_EMBED_SWIFT_STANDARD_LIBRARIES = YES;
				BUNDLE_LOADER = "$(TEST_HOST)";
				CODE_SIGN_STYLE = Automatic;
				CURRENT_PROJECT_VERSION = 1;
				GENERATE_INFOPLIST_FILE = YES;
				IPHONEOS_DEPLOYMENT_TARGET = 15.5;
				MARKETING_VERSION = 1.0;
				PRODUCT_BUNDLE_IDENTIFIER = "com.victoriassecret.A-51Tests";
				PRODUCT_NAME = "$(TARGET_NAME)";
				SWIFT_EMIT_LOC_STRINGS = NO;
				SWIFT_VERSION = 5.0;
				TARGETED_DEVICE_FAMILY = "1,2";
				TEST_HOST = "$(BUILT_PRODUCTS_DIR)/A_51.app/A_51";
			};
			name = Debug;
		};
		0B22D752289A478A00FA9BFD /* Release */ = {
			isa = XCBuildConfiguration;
			buildSettings = {
				ALWAYS_EMBED_SWIFT_STANDARD_LIBRARIES = YES;
				BUNDLE_LOADER = "$(TEST_HOST)";
				CODE_SIGN_STYLE = Automatic;
				CURRENT_PROJECT_VERSION = 1;
				GENERATE_INFOPLIST_FILE = YES;
				IPHONEOS_DEPLOYMENT_TARGET = 15.5;
				MARKETING_VERSION = 1.0;
				PRODUCT_BUNDLE_IDENTIFIER = "com.victoriassecret.A-51Tests";
				PRODUCT_NAME = "$(TARGET_NAME)";
				SWIFT_EMIT_LOC_STRINGS = NO;
				SWIFT_VERSION = 5.0;
				TARGETED_DEVICE_FAMILY = "1,2";
				TEST_HOST = "$(BUILT_PRODUCTS_DIR)/A_51.app/A_51";
			};
			name = Release;
		};
		0B22D754289A478A00FA9BFD /* Debug */ = {
			isa = XCBuildConfiguration;
			buildSettings = {
				ALWAYS_EMBED_SWIFT_STANDARD_LIBRARIES = YES;
				CODE_SIGN_STYLE = Automatic;
				CURRENT_PROJECT_VERSION = 1;
				GENERATE_INFOPLIST_FILE = YES;
				MARKETING_VERSION = 1.0;
				PRODUCT_BUNDLE_IDENTIFIER = "com.victoriassecret.A-51UITests";
				PRODUCT_NAME = "$(TARGET_NAME)";
				SWIFT_EMIT_LOC_STRINGS = NO;
				SWIFT_VERSION = 5.0;
				TARGETED_DEVICE_FAMILY = "1,2";
				TEST_TARGET_NAME = A_51;
			};
			name = Debug;
		};
		0B22D755289A478A00FA9BFD /* Release */ = {
			isa = XCBuildConfiguration;
			buildSettings = {
				ALWAYS_EMBED_SWIFT_STANDARD_LIBRARIES = YES;
				CODE_SIGN_STYLE = Automatic;
				CURRENT_PROJECT_VERSION = 1;
				GENERATE_INFOPLIST_FILE = YES;
				MARKETING_VERSION = 1.0;
				PRODUCT_BUNDLE_IDENTIFIER = "com.victoriassecret.A-51UITests";
				PRODUCT_NAME = "$(TARGET_NAME)";
				SWIFT_EMIT_LOC_STRINGS = NO;
				SWIFT_VERSION = 5.0;
				TARGETED_DEVICE_FAMILY = "1,2";
				TEST_TARGET_NAME = A_51;
			};
			name = Release;
		};
/* End XCBuildConfiguration section */

/* Begin XCConfigurationList section */
		0B22D71E289A478800FA9BFD /* Build configuration list for PBXProject "A_51" */ = {
			isa = XCConfigurationList;
			buildConfigurations = (
				0B22D74B289A478A00FA9BFD /* Debug */,
				0B22D74C289A478A00FA9BFD /* Release */,
			);
			defaultConfigurationIsVisible = 0;
			defaultConfigurationName = Release;
		};
		0B22D74D289A478A00FA9BFD /* Build configuration list for PBXNativeTarget "A_51" */ = {
			isa = XCConfigurationList;
			buildConfigurations = (
				0B22D74E289A478A00FA9BFD /* Debug */,
				0B22D74F289A478A00FA9BFD /* Release */,
			);
			defaultConfigurationIsVisible = 0;
			defaultConfigurationName = Release;
		};
		0B22D750289A478A00FA9BFD /* Build configuration list for PBXNativeTarget "A_51Tests" */ = {
			isa = XCConfigurationList;
			buildConfigurations = (
				0B22D751289A478A00FA9BFD /* Debug */,
				0B22D752289A478A00FA9BFD /* Release */,
			);
			defaultConfigurationIsVisible = 0;
			defaultConfigurationName = Release;
		};
		0B22D753289A478A00FA9BFD /* Build configuration list for PBXNativeTarget "A_51UITests" */ = {
			isa = XCConfigurationList;
			buildConfigurations = (
				0B22D754289A478A00FA9BFD /* Debug */,
				0B22D755289A478A00FA9BFD /* Release */,
			);
			defaultConfigurationIsVisible = 0;
			defaultConfigurationName = Release;
		};
/* End XCConfigurationList section */

/* Begin XCRemoteSwiftPackageReference section */
		0BA3F4A228A4EDE600A2E016 /* XCRemoteSwiftPackageReference "Kingfisher" */ = {
			isa = XCRemoteSwiftPackageReference;
			repositoryURL = "https://github.com/onevcat/Kingfisher.git";
			requirement = {
				kind = upToNextMinorVersion;
				minimumVersion = 7.3.0;
			};
		};
/* End XCRemoteSwiftPackageReference section */

/* Begin XCSwiftPackageProductDependency section */
		0BA3F4A328A4EDE600A2E016 /* Kingfisher */ = {
			isa = XCSwiftPackageProductDependency;
			package = 0BA3F4A228A4EDE600A2E016 /* XCRemoteSwiftPackageReference "Kingfisher" */;
			productName = Kingfisher;
		};
/* End XCSwiftPackageProductDependency section */
	};
	rootObject = 0B22D71B289A478800FA9BFD /* Project object */;
}
